
Microsoft Visual Studio Solution File, Format Version 12.00
# Visual Studio Version 17
VisualStudioVersion = 17.13.35919.96
MinimumVisualStudioVersion = 10.0.40219.1
Project("{FAE04EC0-301F-11D3-BF4B-00C04F79EFBC}") = "ForwardedHeadersDemo", "ForwardedHeadersDemo.csproj", "{0EEA3C64-C9BE-432F-8904-59AF5A893183}"
EndProject
Project("{FAE04EC0-301F-11D3-BF4B-00C04F79EFBC}") = "ForwardedHeadersDemo - Part 2", "..\ForwardedHeadersDemo - Part 2\ForwardedHeadersDemo - Part 2.csproj", "{05458C79-DB6E-48CE-860A-1661AD82E997}"
EndProject
Global
	GlobalSection(SolutionConfigurationPlatforms) = preSolution
		Debug|Any CPU = Debug|Any CPU
		Release|Any CPU = Release|Any CPU
	EndGlobalSection
	GlobalSection(ProjectConfigurationPlatforms) = postSolution
		{0EEA3C64-C9BE-432F-8904-59AF5A893183}.Debug|Any CPU.ActiveCfg = Debug|Any CPU
		{0EEA3C64-C9BE-432F-8904-59AF5A893183}.Debug|Any CPU.Build.0 = Debug|Any CPU
		{0EEA3C64-C9BE-432F-8904-59AF5A893183}.Release|Any CPU.ActiveCfg = Release|Any CPU
		{0EEA3C64-C9BE-432F-8904-59AF5A893183}.Release|Any CPU.Build.0 = Release|Any CPU
		{05458C79-DB6E-48CE-860A-1661AD82E997}.Debug|Any CPU.ActiveCfg = Debug|Any CPU
		{05458C79-DB6E-48CE-860A-1661AD82E997}.Debug|Any CPU.Build.0 = Debug|Any CPU
		{05458C79-DB6E-48CE-860A-1661AD82E997}.Release|Any CPU.ActiveCfg = Release|Any CPU
		{05458C79-DB6E-48CE-860A-1661AD82E997}.Release|Any CPU.Build.0 = Release|Any CPU
	EndGlobalSection
	GlobalSection(SolutionProperties) = preSolution
		HideSolutionNode = FALSE
	EndGlobalSection
	GlobalSection(ExtensibilityGlobals) = postSolution
		SolutionGuid = {C0B8BAC8-BB9C-4F5C-A7C6-D975EE13C856}
	EndGlobalSection
EndGlobal
